
Microsoft Visual Studio Solution File, Format Version 12.00
# Visual Studio Version 16
VisualStudioVersion = 16.0.31702.278
MinimumVisualStudioVersion = 10.0.40219.1
Project("{8BC9CEB8-8B4A-11D0-8D11-00A0C91BC942}") = "MathLibrary", "MathLibrary\MathLibrary.vcxproj", "{E7F71FA2-ED00-47A3-8A93-74219CA7FA87}"
EndProject
Project("{8BC9CEB8-8B4A-11D0-8D11-00A0C91BC942}") = "MathClient", "MathClient\MathClient.vcxproj", "{343D217F-7985-403A-9EFA-8E76AD4A5BD1}"
EndProject
Global
	GlobalSection(SolutionConfigurationPlatforms) = preSolution
		Debug|x64 = Debug|x64
		Debug|x86 = Debug|x86
		Release|x64 = Release|x64
		Release|x86 = Release|x86
	EndGlobalSection
	GlobalSection(ProjectConfigurationPlatforms) = postSolution
		{E7F71FA2-ED00-47A3-8A93-74219CA7FA87}.Debug|x64.ActiveCfg = Debug|x64
		{E7F71FA2-ED00-47A3-8A93-74219CA7FA87}.Debug|x64.Build.0 = Debug|x64
		{E7F71FA2-ED00-47A3-8A93-74219CA7FA87}.Debug|x86.ActiveCfg = Debug|Win32
		{E7F71FA2-ED00-47A3-8A93-74219CA7FA87}.Debug|x86.Build.0 = Debug|Win32
		{E7F71FA2-ED00-47A3-8A93-74219CA7FA87}.Release|x64.ActiveCfg = Release|x64
		{E7F71FA2-ED00-47A3-8A93-74219CA7FA87}.Release|x64.Build.0 = Release|x64
		{E7F71FA2-ED00-47A3-8A93-74219CA7FA87}.Release|x86.ActiveCfg = Release|Win32
		{E7F71FA2-ED00-47A3-8A93-74219CA7FA87}.Release|x86.Build.0 = Release|Win32
		{343D217F-7985-403A-9EFA-8E76AD4A5BD1}.Debug|x64.ActiveCfg = Debug|x64
		{343D217F-7985-403A-9EFA-8E76AD4A5BD1}.Debug|x64.Build.0 = Debug|x64
		{343D217F-7985-403A-9EFA-8E76AD4A5BD1}.Debug|x86.ActiveCfg = Debug|Win32
		{343D217F-7985-403A-9EFA-8E76AD4A5BD1}.Debug|x86.Build.0 = Debug|Win32
		{343D217F-7985-403A-9EFA-8E76AD4A5BD1}.Release|x64.ActiveCfg = Release|x64
		{343D217F-7985-403A-9EFA-8E76AD4A5BD1}.Release|x64.Build.0 = Release|x64
		{343D217F-7985-403A-9EFA-8E76AD4A5BD1}.Release|x86.ActiveCfg = Release|Win32
		{343D217F-7985-403A-9EFA-8E76AD4A5BD1}.Release|x86.Build.0 = Release|Win32
	EndGlobalSection
	GlobalSection(SolutionProperties) = preSolution
		HideSolutionNode = FALSE
	EndGlobalSection
	GlobalSection(ExtensibilityGlobals) = postSolution
		SolutionGuid = {B7A1C261-E540-4104-BCE0-25963D64D5BB}
	EndGlobalSection
EndGlobal
